
Microsoft Visual Studio Solution File, Format Version 12.00
# Visual Studio Version 16
VisualStudioVersion = 16.0.31424.327
MinimumVisualStudioVersion = 10.0.40219.1
Project("{9A19103F-16F7-4668-BE54-9A1E7A4F7556}") = "Smokeball.SEO.WPF", "Smokeball.SEO.WPF\Smokeball.SEO.WPF.csproj", "{2312ECFC-CF7D-4F87-8E67-638A494E98B5}"
EndProject
Project("{9A19103F-16F7-4668-BE54-9A1E7A4F7556}") = "SmokeBall.SEO.UnitTest", "SmokeBall.SEO.Test\SmokeBall.SEO.UnitTest.csproj", "{C741461B-FCED-4AC3-B3C2-8C45D3661624}"
EndProject
Project("{9A19103F-16F7-4668-BE54-9A1E7A4F7556}") = "SmokeBall.SEO.Service", "SmokeBall.SEO.Service\SmokeBall.SEO.Service.csproj", "{0D4BC871-5F0F-4A9C-A682-F61E61B6B9BB}"
EndProject
Project("{9A19103F-16F7-4668-BE54-9A1E7A4F7556}") = "SmokeBall.SEO.Business", "SmokeBall.SEO.Business\SmokeBall.SEO.Business.csproj", "{ADA67ECE-0ABF-4E9A-813B-F88FDE6D429C}"
EndProject
Global
	GlobalSection(SolutionConfigurationPlatforms) = preSolution
		Debug|Any CPU = Debug|Any CPU
		Release|Any CPU = Release|Any CPU
	EndGlobalSection
	GlobalSection(ProjectConfigurationPlatforms) = postSolution
		{2312ECFC-CF7D-4F87-8E67-638A494E98B5}.Debug|Any CPU.ActiveCfg = Debug|Any CPU
		{2312ECFC-CF7D-4F87-8E67-638A494E98B5}.Debug|Any CPU.Build.0 = Debug|Any CPU
		{2312ECFC-CF7D-4F87-8E67-638A494E98B5}.Release|Any CPU.ActiveCfg = Release|Any CPU
		{2312ECFC-CF7D-4F87-8E67-638A494E98B5}.Release|Any CPU.Build.0 = Release|Any CPU
		{C741461B-FCED-4AC3-B3C2-8C45D3661624}.Debug|Any CPU.ActiveCfg = Debug|Any CPU
		{C741461B-FCED-4AC3-B3C2-8C45D3661624}.Debug|Any CPU.Build.0 = Debug|Any CPU
		{C741461B-FCED-4AC3-B3C2-8C45D3661624}.Release|Any CPU.ActiveCfg = Release|Any CPU
		{C741461B-FCED-4AC3-B3C2-8C45D3661624}.Release|Any CPU.Build.0 = Release|Any CPU
		{0D4BC871-5F0F-4A9C-A682-F61E61B6B9BB}.Debug|Any CPU.ActiveCfg = Debug|Any CPU
		{0D4BC871-5F0F-4A9C-A682-F61E61B6B9BB}.Debug|Any CPU.Build.0 = Debug|Any CPU
		{0D4BC871-5F0F-4A9C-A682-F61E61B6B9BB}.Release|Any CPU.ActiveCfg = Release|Any CPU
		{0D4BC871-5F0F-4A9C-A682-F61E61B6B9BB}.Release|Any CPU.Build.0 = Release|Any CPU
		{ADA67ECE-0ABF-4E9A-813B-F88FDE6D429C}.Debug|Any CPU.ActiveCfg = Debug|Any CPU
		{ADA67ECE-0ABF-4E9A-813B-F88FDE6D429C}.Debug|Any CPU.Build.0 = Debug|Any CPU
		{ADA67ECE-0ABF-4E9A-813B-F88FDE6D429C}.Release|Any CPU.ActiveCfg = Release|Any CPU
		{ADA67ECE-0ABF-4E9A-813B-F88FDE6D429C}.Release|Any CPU.Build.0 = Release|Any CPU
	EndGlobalSection
	GlobalSection(SolutionProperties) = preSolution
		HideSolutionNode = FALSE
	EndGlobalSection
	GlobalSection(ExtensibilityGlobals) = postSolution
		SolutionGuid = {2AA8BEA5-4FB6-4D98-83EB-1A8DA338566C}
	EndGlobalSection
EndGlobal
